
Microsoft Visual Studio Solution File, Format Version 12.00
Project("{FAE04EC0-301F-11D3-BF4B-00C04F79EFBC}") = "web-crawler.Console", "web-crawler.Console\web-crawler.Console.csproj", "{C107E5B1-8D1C-487F-ABD3-31CC49FA7FA6}"
EndProject
Project("{FAE04EC0-301F-11D3-BF4B-00C04F79EFBC}") = "web-crawler.Core", "web-crawler.Core\web-crawler.Core.csproj", "{59535CA3-5EAB-45C5-BD27-11000259CA65}"
EndProject
Global
	GlobalSection(SolutionConfigurationPlatforms) = preSolution
		Debug|Any CPU = Debug|Any CPU
		Release|Any CPU = Release|Any CPU
	EndGlobalSection
	GlobalSection(ProjectConfigurationPlatforms) = postSolution
		{C107E5B1-8D1C-487F-ABD3-31CC49FA7FA6}.Debug|Any CPU.ActiveCfg = Debug|Any CPU
		{C107E5B1-8D1C-487F-ABD3-31CC49FA7FA6}.Debug|Any CPU.Build.0 = Debug|Any CPU
		{C107E5B1-8D1C-487F-ABD3-31CC49FA7FA6}.Release|Any CPU.ActiveCfg = Release|Any CPU
		{C107E5B1-8D1C-487F-ABD3-31CC49FA7FA6}.Release|Any CPU.Build.0 = Release|Any CPU
		{59535CA3-5EAB-45C5-BD27-11000259CA65}.Debug|Any CPU.ActiveCfg = Debug|Any CPU
		{59535CA3-5EAB-45C5-BD27-11000259CA65}.Debug|Any CPU.Build.0 = Debug|Any CPU
		{59535CA3-5EAB-45C5-BD27-11000259CA65}.Release|Any CPU.ActiveCfg = Release|Any CPU
		{59535CA3-5EAB-45C5-BD27-11000259CA65}.Release|Any CPU.Build.0 = Release|Any CPU
	EndGlobalSection
EndGlobal
